
Microsoft Visual Studio Solution File, Format Version 12.00
# Visual Studio Version 17
VisualStudioVersion = 17.8.34525.116
MinimumVisualStudioVersion = 10.0.40219.1
Project("{FAE04EC0-301F-11D3-BF4B-00C04F79EFBC}") = "YouTubeDowload", "YouTubeDowload\YouTubeDowload.csproj", "{83AC5618-AF85-44B8-8461-B2C183609EB3}"
EndProject
Global
	GlobalSection(SolutionConfigurationPlatforms) = preSolution
		Debug|Any CPU = Debug|Any CPU
		Release|Any CPU = Release|Any CPU
	EndGlobalSection
	GlobalSection(ProjectConfigurationPlatforms) = postSolution
		{83AC5618-AF85-44B8-8461-B2C183609EB3}.Debug|Any CPU.ActiveCfg = Debug|Any CPU
		{83AC5618-AF85-44B8-8461-B2C183609EB3}.Debug|Any CPU.Build.0 = Debug|Any CPU
		{83AC5618-AF85-44B8-8461-B2C183609EB3}.Release|Any CPU.ActiveCfg = Release|Any CPU
		{83AC5618-AF85-44B8-8461-B2C183609EB3}.Release|Any CPU.Build.0 = Release|Any CPU
	EndGlobalSection
	GlobalSection(SolutionProperties) = preSolution
		HideSolutionNode = FALSE
	EndGlobalSection
	GlobalSection(ExtensibilityGlobals) = postSolution
		SolutionGuid = {ED4A1A9B-A0BA-4519-B0E0-B3D39ACBB215}
	EndGlobalSection
EndGlobal
